
Microsoft Visual Studio Solution File, Format Version 12.00
# Visual Studio 14
VisualStudioVersion = 14.0.25420.1
MinimumVisualStudioVersion = 10.0.40219.1
Project("{2150E333-8FDC-42A3-9474-1A3956D46DE8}") = "SolutionDocuments", "SolutionDocuments", "{B1ADC0D8-DC36-4A03-B036-9392C23675FA}"
	ProjectSection(SolutionItems) = preProject
		BISolutionWorksheets.xlsx = BISolutionWorksheets.xlsx
		Information Package.docx = Information Package.docx
		STAR Schema.vsdx = STAR Schema.vsdx
	EndProjectSection
EndProject
Project("{2150E333-8FDC-42A3-9474-1A3956D46DE8}") = "DWCoffeeMerchantSales", "DWCoffeeMerchantSales", "{9D3890E7-A82E-475F-AAE6-2063F2FB6094}"
	ProjectSection(SolutionItems) = preProject
		Backing up and restoring database.sql = Backing up and restoring database.sql
		CoffeeMerchantDW Build.sql = CoffeeMerchantDW Build.sql
		DWCoffeeMerchantSales.bak = DWCoffeeMerchantSales.bak
	EndProjectSection
EndProject
Project("{159641D6-6404-4A2A-AE62-294DE0FE8301}") = "CoffeeMerchanSSIS", "CoffeeMerchanSSIS\CoffeeMerchanSSIS.dtproj", "{9C5ABFBA-B7B1-4DBC-B4FD-B5BF2170B0D9}"
EndProject
Global
	GlobalSection(SolutionConfigurationPlatforms) = preSolution
		Development|Default = Development|Default
	EndGlobalSection
	GlobalSection(ProjectConfigurationPlatforms) = postSolution
		{9C5ABFBA-B7B1-4DBC-B4FD-B5BF2170B0D9}.Development|Default.ActiveCfg = Development
		{9C5ABFBA-B7B1-4DBC-B4FD-B5BF2170B0D9}.Development|Default.Build.0 = Development
	EndGlobalSection
	GlobalSection(SolutionProperties) = preSolution
		HideSolutionNode = FALSE
	EndGlobalSection
EndGlobal
